
Microsoft Visual Studio Solution File, Format Version 12.00
# Visual Studio Version 17
VisualStudioVersion = 17.3.32825.248
MinimumVisualStudioVersion = 10.0.40219.1
Project("{8BC9CEB8-8B4A-11D0-8D11-00A0C91BC942}") = "Server", "Server\Server.vcxproj", "{61EF9A45-3584-4B69-8C45-2C729F690F21}"
EndProject
Project("{8BC9CEB8-8B4A-11D0-8D11-00A0C91BC942}") = "Client", "Client\Client.vcxproj", "{830C3861-1A72-4C0A-ADA5-7F6905DA377D}"
EndProject
Global
	GlobalSection(SolutionConfigurationPlatforms) = preSolution
		Debug|x64 = Debug|x64
		Debug|x86 = Debug|x86
		Release|x64 = Release|x64
		Release|x86 = Release|x86
	EndGlobalSection
	GlobalSection(ProjectConfigurationPlatforms) = postSolution
		{61EF9A45-3584-4B69-8C45-2C729F690F21}.Debug|x64.ActiveCfg = Debug|x64
		{61EF9A45-3584-4B69-8C45-2C729F690F21}.Debug|x64.Build.0 = Debug|x64
		{61EF9A45-3584-4B69-8C45-2C729F690F21}.Debug|x86.ActiveCfg = Debug|Win32
		{61EF9A45-3584-4B69-8C45-2C729F690F21}.Debug|x86.Build.0 = Debug|Win32
		{61EF9A45-3584-4B69-8C45-2C729F690F21}.Release|x64.ActiveCfg = Release|x64
		{61EF9A45-3584-4B69-8C45-2C729F690F21}.Release|x64.Build.0 = Release|x64
		{61EF9A45-3584-4B69-8C45-2C729F690F21}.Release|x86.ActiveCfg = Release|Win32
		{61EF9A45-3584-4B69-8C45-2C729F690F21}.Release|x86.Build.0 = Release|Win32
		{830C3861-1A72-4C0A-ADA5-7F6905DA377D}.Debug|x64.ActiveCfg = Debug|x64
		{830C3861-1A72-4C0A-ADA5-7F6905DA377D}.Debug|x64.Build.0 = Debug|x64
		{830C3861-1A72-4C0A-ADA5-7F6905DA377D}.Debug|x86.ActiveCfg = Debug|Win32
		{830C3861-1A72-4C0A-ADA5-7F6905DA377D}.Debug|x86.Build.0 = Debug|Win32
		{830C3861-1A72-4C0A-ADA5-7F6905DA377D}.Release|x64.ActiveCfg = Release|x64
		{830C3861-1A72-4C0A-ADA5-7F6905DA377D}.Release|x64.Build.0 = Release|x64
		{830C3861-1A72-4C0A-ADA5-7F6905DA377D}.Release|x86.ActiveCfg = Release|Win32
		{830C3861-1A72-4C0A-ADA5-7F6905DA377D}.Release|x86.Build.0 = Release|Win32
	EndGlobalSection
	GlobalSection(SolutionProperties) = preSolution
		HideSolutionNode = FALSE
	EndGlobalSection
	GlobalSection(ExtensibilityGlobals) = postSolution
		SolutionGuid = {1CDAC3DD-8B4C-49B9-ABCD-75DF3E08761E}
	EndGlobalSection
EndGlobal
